
Microsoft Visual Studio Solution File, Format Version 11.00
# Visual Studio 2010
Project("{FAE04EC0-301F-11D3-BF4B-00C04F79EFBC}") = "FluentSP", "FluentSP\FluentSP.csproj", "{9B4FE99D-832C-4782-8758-B8AA9D447AAD}"
EndProject
Project("{FAE04EC0-301F-11D3-BF4B-00C04F79EFBC}") = "FluentSP.Tests.Console", "FluentSP.Tests.Console\FluentSP.Tests.Console.csproj", "{EFB54660-0A95-4FF3-9807-670B12884AF0}"
EndProject
Global
	GlobalSection(SolutionConfigurationPlatforms) = preSolution
		Debug|Any CPU = Debug|Any CPU
		Release|Any CPU = Release|Any CPU
	EndGlobalSection
	GlobalSection(ProjectConfigurationPlatforms) = postSolution
		{9B4FE99D-832C-4782-8758-B8AA9D447AAD}.Debug|Any CPU.ActiveCfg = Debug|Any CPU
		{9B4FE99D-832C-4782-8758-B8AA9D447AAD}.Debug|Any CPU.Build.0 = Debug|Any CPU
		{9B4FE99D-832C-4782-8758-B8AA9D447AAD}.Release|Any CPU.ActiveCfg = Release|Any CPU
		{9B4FE99D-832C-4782-8758-B8AA9D447AAD}.Release|Any CPU.Build.0 = Release|Any CPU
		{EFB54660-0A95-4FF3-9807-670B12884AF0}.Debug|Any CPU.ActiveCfg = Debug|Any CPU
		{EFB54660-0A95-4FF3-9807-670B12884AF0}.Debug|Any CPU.Build.0 = Debug|Any CPU
		{EFB54660-0A95-4FF3-9807-670B12884AF0}.Release|Any CPU.ActiveCfg = Release|Any CPU
		{EFB54660-0A95-4FF3-9807-670B12884AF0}.Release|Any CPU.Build.0 = Release|Any CPU
	EndGlobalSection
	GlobalSection(SolutionProperties) = preSolution
		HideSolutionNode = FALSE
	EndGlobalSection
EndGlobal
